
Microsoft Visual Studio Solution File, Format Version 12.00
# Visual Studio Version 16
VisualStudioVersion = 16.0.31702.278
MinimumVisualStudioVersion = 10.0.40219.1
Project("{9A19103F-16F7-4668-BE54-9A1E7A4F7556}") = "FNS.CRUDService", "FNS.CRUDService\FNS.CRUDService.csproj", "{4BD06D0F-AB10-46E0-B40E-5B752B4B24EB}"
EndProject
Project("{9A19103F-16F7-4668-BE54-9A1E7A4F7556}") = "FNS.CRUDService.AspNetCore", "FNS.CRUDService.AspNetCore\FNS.CRUDService.AspNetCore.csproj", "{B096B7B2-FF4D-45A7-B1C9-D6D114CA68BB}"
EndProject
Project("{FAE04EC0-301F-11D3-BF4B-00C04F79EFBC}") = "FNS.CRUDService.FluentValidation", "FNS.CRUDService.FluentValidation\FNS.CRUDService.FluentValidation.csproj", "{FD0EB31F-044A-4DF5-B578-F1CA455D0A6A}"
EndProject
Global
	GlobalSection(SolutionConfigurationPlatforms) = preSolution
		Debug|Any CPU = Debug|Any CPU
		Release|Any CPU = Release|Any CPU
	EndGlobalSection
	GlobalSection(ProjectConfigurationPlatforms) = postSolution
		{4BD06D0F-AB10-46E0-B40E-5B752B4B24EB}.Debug|Any CPU.ActiveCfg = Debug|Any CPU
		{4BD06D0F-AB10-46E0-B40E-5B752B4B24EB}.Debug|Any CPU.Build.0 = Debug|Any CPU
		{4BD06D0F-AB10-46E0-B40E-5B752B4B24EB}.Release|Any CPU.ActiveCfg = Release|Any CPU
		{4BD06D0F-AB10-46E0-B40E-5B752B4B24EB}.Release|Any CPU.Build.0 = Release|Any CPU
		{B096B7B2-FF4D-45A7-B1C9-D6D114CA68BB}.Debug|Any CPU.ActiveCfg = Debug|Any CPU
		{B096B7B2-FF4D-45A7-B1C9-D6D114CA68BB}.Debug|Any CPU.Build.0 = Debug|Any CPU
		{B096B7B2-FF4D-45A7-B1C9-D6D114CA68BB}.Release|Any CPU.ActiveCfg = Release|Any CPU
		{B096B7B2-FF4D-45A7-B1C9-D6D114CA68BB}.Release|Any CPU.Build.0 = Release|Any CPU
		{FD0EB31F-044A-4DF5-B578-F1CA455D0A6A}.Debug|Any CPU.ActiveCfg = Debug|Any CPU
		{FD0EB31F-044A-4DF5-B578-F1CA455D0A6A}.Debug|Any CPU.Build.0 = Debug|Any CPU
		{FD0EB31F-044A-4DF5-B578-F1CA455D0A6A}.Release|Any CPU.ActiveCfg = Release|Any CPU
		{FD0EB31F-044A-4DF5-B578-F1CA455D0A6A}.Release|Any CPU.Build.0 = Release|Any CPU
	EndGlobalSection
	GlobalSection(SolutionProperties) = preSolution
		HideSolutionNode = FALSE
	EndGlobalSection
	GlobalSection(ExtensibilityGlobals) = postSolution
		SolutionGuid = {58F0A43D-E522-4918-B285-D9AADA97833A}
	EndGlobalSection
EndGlobal
